
Microsoft Visual Studio Solution File, Format Version 12.00
# Visual Studio Version 17
VisualStudioVersion = 17.8.34309.116
MinimumVisualStudioVersion = 10.0.40219.1
Project("{FAE04EC0-301F-11D3-BF4B-00C04F79EFBC}") = "TodoApp", "TodoApp.csproj", "{4BADC442-3803-4072-A89F-49D4B42442EF}"
EndProject
Global
	GlobalSection(SolutionConfigurationPlatforms) = preSolution
		Debug|Any CPU = Debug|Any CPU
		Release|Any CPU = Release|Any CPU
	EndGlobalSection
	GlobalSection(ProjectConfigurationPlatforms) = postSolution
		{4BADC442-3803-4072-A89F-49D4B42442EF}.Debug|Any CPU.ActiveCfg = Debug|Any CPU
		{4BADC442-3803-4072-A89F-49D4B42442EF}.Debug|Any CPU.Build.0 = Debug|Any CPU
		{4BADC442-3803-4072-A89F-49D4B42442EF}.Release|Any CPU.ActiveCfg = Release|Any CPU
		{4BADC442-3803-4072-A89F-49D4B42442EF}.Release|Any CPU.Build.0 = Release|Any CPU
	EndGlobalSection
	GlobalSection(SolutionProperties) = preSolution
		HideSolutionNode = FALSE
	EndGlobalSection
	GlobalSection(ExtensibilityGlobals) = postSolution
		SolutionGuid = {4B96381E-0A18-4B0B-AFF0-DE49B4837AB7}
	EndGlobalSection
EndGlobal
